dataprep:
  cmd: erebos data generate-calipso-training-data nc4 ../multichannel combined_training
    -vv --file-type cnn --calipso-glob='CAL*D_Subset.nc'
  deps:
  - path: nc4
    md5: a820596a248635c4992dee996dbb79ba.dir
  outs:
  - path: combined_training
    md5: 25b1491f0d4f4d3ea7d2fcd5ca2c2abf.dir
